dependencies:
- name: kafka
  repository: https://charts.bitnami.com/bitnami
  version: 26.6.3
- name: keda
  repository: https://kedacore.github.io/charts
  version: 2.12.1
- name: milvus
  repository: https://zilliztech.github.io/milvus-helm/
  version: 4.1.11
digest: sha256:215e6498eff91ba6f9dddeb776fb785e7909e99a0dd119dc5a4978942c5b3013
generated: "2024-01-13T10:32:04.477075-08:00"
